{
  "name": "cachito-npm-test",
  "version": "1.0.0",
  "lockfileVersion": 1,
  "requires": true,
  "dependencies": {
    "npm-test-project": {
      "version": "git+https://gitlab.com/Ellyah/npm-test-project.git#c39d954424d8446f6200863546a5ea19160766ea",
      "from": "git+https://gitlab.com/Ellyah/npm-test-project.git",
      "dev": true
    }
  }
}
